
Microsoft Visual Studio Solution File, Format Version 12.00
# Visual Studio 15
VisualStudioVersion = 15.0.28307.271
MinimumVisualStudioVersion = 10.0.40219.1
Project("{FAE04EC0-301F-11D3-BF4B-00C04F79EFBC}") = "cs2ts", "src\cs2ts\cs2ts.csproj", "{0003229C-6EEC-43CE-A724-FE421B472A89}"
EndProject
Project("{FAE04EC0-301F-11D3-BF4B-00C04F79EFBC}") = "SharpieTests", "src\SharpieTests\SharpieTests.csproj", "{B0CBAD3F-7053-4761-9028-4D24C0829F6C}"
EndProject
Project("{FAE04EC0-301F-11D3-BF4B-00C04F79EFBC}") = "Sharpie", "src\Sharpie\Sharpie.csproj", "{D16B2750-0902-4FB5-A550-32D98AD81765}"
EndProject
Global
	GlobalSection(SolutionConfigurationPlatforms) = preSolution
		Debug|Any CPU = Debug|Any CPU
		Release|Any CPU = Release|Any CPU
	EndGlobalSection
	GlobalSection(ProjectConfigurationPlatforms) = postSolution
		{0003229C-6EEC-43CE-A724-FE421B472A89}.Debug|Any CPU.ActiveCfg = Debug|Any CPU
		{0003229C-6EEC-43CE-A724-FE421B472A89}.Debug|Any CPU.Build.0 = Debug|Any CPU
		{0003229C-6EEC-43CE-A724-FE421B472A89}.Release|Any CPU.ActiveCfg = Release|Any CPU
		{0003229C-6EEC-43CE-A724-FE421B472A89}.Release|Any CPU.Build.0 = Release|Any CPU
		{B0CBAD3F-7053-4761-9028-4D24C0829F6C}.Debug|Any CPU.ActiveCfg = Debug|Any CPU
		{B0CBAD3F-7053-4761-9028-4D24C0829F6C}.Debug|Any CPU.Build.0 = Debug|Any CPU
		{B0CBAD3F-7053-4761-9028-4D24C0829F6C}.Release|Any CPU.ActiveCfg = Release|Any CPU
		{B0CBAD3F-7053-4761-9028-4D24C0829F6C}.Release|Any CPU.Build.0 = Release|Any CPU
		{D16B2750-0902-4FB5-A550-32D98AD81765}.Debug|Any CPU.ActiveCfg = Debug|Any CPU
		{D16B2750-0902-4FB5-A550-32D98AD81765}.Debug|Any CPU.Build.0 = Debug|Any CPU
		{D16B2750-0902-4FB5-A550-32D98AD81765}.Release|Any CPU.ActiveCfg = Release|Any CPU
		{D16B2750-0902-4FB5-A550-32D98AD81765}.Release|Any CPU.Build.0 = Release|Any CPU
	EndGlobalSection
	GlobalSection(SolutionProperties) = preSolution
		HideSolutionNode = FALSE
	EndGlobalSection
	GlobalSection(ExtensibilityGlobals) = postSolution
		SolutionGuid = {F09345E7-5B7D-443D-9FB5-3087755C8AE5}
	EndGlobalSection
EndGlobal
